
Microsoft Visual Studio Solution File, Format Version 12.00
# Visual Studio 15
VisualStudioVersion = 15.0.28010.2003
MinimumVisualStudioVersion = 10.0.40219.1
Project("{FAE04EC0-301F-11D3-BF4B-00C04F79EFBC}") = "SalvageIt.Android", "SalvageIt\SalvageIt.Android\SalvageIt.Android.csproj", "{13A8BA42-6EC6-439D-A741-83F2AC477C9F}"
EndProject
Project("{FAE04EC0-301F-11D3-BF4B-00C04F79EFBC}") = "SalvageIt.iOS", "SalvageIt\SalvageIt.iOS\SalvageIt.iOS.csproj", "{1A0BA8CA-8B8B-493E-BAAE-317B65ED472B}"
EndProject
Project("{FAE04EC0-301F-11D3-BF4B-00C04F79EFBC}") = "SalvageIt", "SalvageIt\SalvageIt\SalvageIt.csproj", "{4A464556-8B1B-4EBC-9014-4CC6EBA41A20}"
EndProject
Global
	GlobalSection(SolutionConfigurationPlatforms) = preSolution
		Ad-Hoc|Any CPU = Ad-Hoc|Any CPU
		Ad-Hoc|iPhone = Ad-Hoc|iPhone
		Ad-Hoc|iPhoneSimulator = Ad-Hoc|iPhoneSimulator
		AppStore|Any CPU = AppStore|Any CPU
		AppStore|iPhone = AppStore|iPhone
		AppStore|iPhoneSimulator = AppStore|iPhoneSimulator
		Debug|Any CPU = Debug|Any CPU
		Debug|iPhone = Debug|iPhone
		Debug|iPhoneSimulator = Debug|iPhoneSimulator
		Release|Any CPU = Release|Any CPU
		Release|iPhone = Release|iPhone
		Release|iPhoneSimulator = Release|iPhoneSimulator
	EndGlobalSection
	GlobalSection(ProjectConfigurationPlatforms) = postSolution
		{13A8BA42-6EC6-439D-A741-83F2AC477C9F}.Ad-Hoc|Any CPU.ActiveCfg = Release|Any CPU
		{13A8BA42-6EC6-439D-A741-83F2AC477C9F}.Ad-Hoc|Any CPU.Build.0 = Release|Any CPU
		{13A8BA42-6EC6-439D-A741-83F2AC477C9F}.Ad-Hoc|Any CPU.Deploy.0 = Release|Any CPU
		{13A8BA42-6EC6-439D-A741-83F2AC477C9F}.Ad-Hoc|iPhone.ActiveCfg = Release|Any CPU
		{13A8BA42-6EC6-439D-A741-83F2AC477C9F}.Ad-Hoc|iPhone.Build.0 = Release|Any CPU
		{13A8BA42-6EC6-439D-A741-83F2AC477C9F}.Ad-Hoc|iPhone.Deploy.0 = Release|Any CPU
		{13A8BA42-6EC6-439D-A741-83F2AC477C9F}.Ad-Hoc|iPhoneSimulator.ActiveCfg = Release|Any CPU
		{13A8BA42-6EC6-439D-A741-83F2AC477C9F}.Ad-Hoc|iPhoneSimulator.Build.0 = Release|Any CPU
		{13A8BA42-6EC6-439D-A741-83F2AC477C9F}.Ad-Hoc|iPhoneSimulator.Deploy.0 = Release|Any CPU
		{13A8BA42-6EC6-439D-A741-83F2AC477C9F}.AppStore|Any CPU.ActiveCfg = Release|Any CPU
		{13A8BA42-6EC6-439D-A741-83F2AC477C9F}.AppStore|Any CPU.Build.0 = Release|Any CPU
		{13A8BA42-6EC6-439D-A741-83F2AC477C9F}.AppStore|Any CPU.Deploy.0 = Release|Any CPU
		{13A8BA42-6EC6-439D-A741-83F2AC477C9F}.AppStore|iPhone.ActiveCfg = Release|Any CPU
		{13A8BA42-6EC6-439D-A741-83F2AC477C9F}.AppStore|iPhone.Build.0 = Release|Any CPU
		{13A8BA42-6EC6-439D-A741-83F2AC477C9F}.AppStore|iPhone.Deploy.0 = Release|Any CPU
		{13A8BA42-6EC6-439D-A741-83F2AC477C9F}.AppStore|iPhoneSimulator.ActiveCfg = Release|Any CPU
		{13A8BA42-6EC6-439D-A741-83F2AC477C9F}.AppStore|iPhoneSimulator.Build.0 = Release|Any CPU
		{13A8BA42-6EC6-439D-A741-83F2AC477C9F}.AppStore|iPhoneSimulator.Deploy.0 = Release|Any CPU
		{13A8BA42-6EC6-439D-A741-83F2AC477C9F}.Debug|Any CPU.ActiveCfg = Debug|Any CPU
		{13A8BA42-6EC6-439D-A741-83F2AC477C9F}.Debug|Any CPU.Build.0 = Debug|Any CPU
		{13A8BA42-6EC6-439D-A741-83F2AC477C9F}.Debug|Any CPU.Deploy.0 = Debug|Any CPU
		{13A8BA42-6EC6-439D-A741-83F2AC477C9F}.Debug|iPhone.ActiveCfg = Debug|Any CPU
		{13A8BA42-6EC6-439D-A741-83F2AC477C9F}.Debug|iPhone.Build.0 = Debug|Any CPU
		{13A8BA42-6EC6-439D-A741-83F2AC477C9F}.Debug|iPhone.Deploy.0 = Debug|Any CPU
		{13A8BA42-6EC6-439D-A741-83F2AC477C9F}.Debug|iPhoneSimulator.ActiveCfg = Debug|Any CPU
		{13A8BA42-6EC6-439D-A741-83F2AC477C9F}.Debug|iPhoneSimulator.Build.0 = Debug|Any CPU
		{13A8BA42-6EC6-439D-A741-83F2AC477C9F}.Debug|iPhoneSimulator.Deploy.0 = Debug|Any CPU
		{13A8BA42-6EC6-439D-A741-83F2AC477C9F}.Release|Any CPU.ActiveCfg = Release|Any CPU
		{13A8BA42-6EC6-439D-A741-83F2AC477C9F}.Release|Any CPU.Build.0 = Release|Any CPU
		{13A8BA42-6EC6-439D-A741-83F2AC477C9F}.Release|Any CPU.Deploy.0 = Release|Any CPU
		{13A8BA42-6EC6-439D-A741-83F2AC477C9F}.Release|iPhone.ActiveCfg = Release|Any CPU
		{13A8BA42-6EC6-439D-A741-83F2AC477C9F}.Release|iPhone.Build.0 = Release|Any CPU
		{13A8BA42-6EC6-439D-A741-83F2AC477C9F}.Release|iPhone.Deploy.0 = Release|Any CPU
		{13A8BA42-6EC6-439D-A741-83F2AC477C9F}.Release|iPhoneSimulator.ActiveCfg = Release|Any CPU
		{13A8BA42-6EC6-439D-A741-83F2AC477C9F}.Release|iPhoneSimulator.Build.0 = Release|Any CPU
		{13A8BA42-6EC6-439D-A741-83F2AC477C9F}.Release|iPhoneSimulator.Deploy.0 = Release|Any CPU
		{1A0BA8CA-8B8B-493E-BAAE-317B65ED472B}.Ad-Hoc|Any CPU.ActiveCfg = Ad-Hoc|iPhone
		{1A0BA8CA-8B8B-493E-BAAE-317B65ED472B}.Ad-Hoc|Any CPU.Build.0 = Ad-Hoc|iPhone
		{1A0BA8CA-8B8B-493E-BAAE-317B65ED472B}.Ad-Hoc|Any CPU.Deploy.0 = Ad-Hoc|iPhone
		{1A0BA8CA-8B8B-493E-BAAE-317B65ED472B}.Ad-Hoc|iPhone.ActiveCfg = Ad-Hoc|iPhone
		{1A0BA8CA-8B8B-493E-BAAE-317B65ED472B}.Ad-Hoc|iPhone.Build.0 = Ad-Hoc|iPhone
		{1A0BA8CA-8B8B-493E-BAAE-317B65ED472B}.Ad-Hoc|iPhone.Deploy.0 = Ad-Hoc|iPhone
		{1A0BA8CA-8B8B-493E-BAAE-317B65ED472B}.Ad-Hoc|iPhoneSimulator.ActiveCfg = Ad-Hoc|iPhoneSimulator
		{1A0BA8CA-8B8B-493E-BAAE-317B65ED472B}.Ad-Hoc|iPhoneSimulator.Build.0 = Ad-Hoc|iPhoneSimulator
		{1A0BA8CA-8B8B-493E-BAAE-317B65ED472B}.Ad-Hoc|iPhoneSimulator.Deploy.0 = Ad-Hoc|iPhoneSimulator
		{1A0BA8CA-8B8B-493E-BAAE-317B65ED472B}.AppStore|Any CPU.ActiveCfg = AppStore|iPhone
		{1A0BA8CA-8B8B-493E-BAAE-317B65ED472B}.AppStore|Any CPU.Build.0 = AppStore|iPhone
		{1A0BA8CA-8B8B-493E-BAAE-317B65ED472B}.AppStore|Any CPU.Deploy.0 = AppStore|iPhone
		{1A0BA8CA-8B8B-493E-BAAE-317B65ED472B}.AppStore|iPhone.ActiveCfg = AppStore|iPhone
		{1A0BA8CA-8B8B-493E-BAAE-317B65ED472B}.AppStore|iPhone.Build.0 = AppStore|iPhone
		{1A0BA8CA-8B8B-493E-BAAE-317B65ED472B}.AppStore|iPhone.Deploy.0 = AppStore|iPhone
		{1A0BA8CA-8B8B-493E-BAAE-317B65ED472B}.AppStore|iPhoneSimulator.ActiveCfg = AppStore|iPhoneSimulator
		{1A0BA8CA-8B8B-493E-BAAE-317B65ED472B}.AppStore|iPhoneSimulator.Build.0 = AppStore|iPhoneSimulator
		{1A0BA8CA-8B8B-493E-BAAE-317B65ED472B}.AppStore|iPhoneSimulator.Deploy.0 = AppStore|iPhoneSimulator
		{1A0BA8CA-8B8B-493E-BAAE-317B65ED472B}.Debug|Any CPU.ActiveCfg = Debug|iPhoneSimulator
		{1A0BA8CA-8B8B-493E-BAAE-317B65ED472B}.Debug|Any CPU.Build.0 = Debug|iPhoneSimulator
		{1A0BA8CA-8B8B-493E-BAAE-317B65ED472B}.Debug|Any CPU.Deploy.0 = Debug|iPhoneSimulator
		{1A0BA8CA-8B8B-493E-BAAE-317B65ED472B}.Debug|iPhone.ActiveCfg = Debug|iPhone
		{1A0BA8CA-8B8B-493E-BAAE-317B65ED472B}.Debug|iPhone.Build.0 = Debug|iPhone
		{1A0BA8CA-8B8B-493E-BAAE-317B65ED472B}.Debug|iPhone.Deploy.0 = Debug|iPhone
		{1A0BA8CA-8B8B-493E-BAAE-317B65ED472B}.Debug|iPhoneSimulator.ActiveCfg = Debug|iPhoneSimulator
		{1A0BA8CA-8B8B-493E-BAAE-317B65ED472B}.Debug|iPhoneSimulator.Build.0 = Debug|iPhoneSimulator
		{1A0BA8CA-8B8B-493E-BAAE-317B65ED472B}.Debug|iPhoneSimulator.Deploy.0 = Debug|iPhoneSimulator
		{1A0BA8CA-8B8B-493E-BAAE-317B65ED472B}.Release|Any CPU.ActiveCfg = Release|iPhone
		{1A0BA8CA-8B8B-493E-BAAE-317B65ED472B}.Release|Any CPU.Build.0 = Release|iPhone
		{1A0BA8CA-8B8B-493E-BAAE-317B65ED472B}.Release|Any CPU.Deploy.0 = Release|iPhone
		{1A0BA8CA-8B8B-493E-BAAE-317B65ED472B}.Release|iPhone.ActiveCfg = Release|iPhone
		{1A0BA8CA-8B8B-493E-BAAE-317B65ED472B}.Release|iPhone.Build.0 = Release|iPhone
		{1A0BA8CA-8B8B-493E-BAAE-317B65ED472B}.Release|iPhone.Deploy.0 = Release|iPhone
		{1A0BA8CA-8B8B-493E-BAAE-317B65ED472B}.Release|iPhoneSimulator.ActiveCfg = Release|iPhoneSimulator
		{1A0BA8CA-8B8B-493E-BAAE-317B65ED472B}.Release|iPhoneSimulator.Build.0 = Release|iPhoneSimulator
		{1A0BA8CA-8B8B-493E-BAAE-317B65ED472B}.Release|iPhoneSimulator.Deploy.0 = Release|iPhoneSimulator
		{4A464556-8B1B-4EBC-9014-4CC6EBA41A20}.Ad-Hoc|Any CPU.ActiveCfg = Debug|Any CPU
		{4A464556-8B1B-4EBC-9014-4CC6EBA41A20}.Ad-Hoc|Any CPU.Build.0 = Debug|Any CPU
		{4A464556-8B1B-4EBC-9014-4CC6EBA41A20}.Ad-Hoc|Any CPU.Deploy.0 = Debug|Any CPU
		{4A464556-8B1B-4EBC-9014-4CC6EBA41A20}.Ad-Hoc|iPhone.ActiveCfg = Debug|Any CPU
		{4A464556-8B1B-4EBC-9014-4CC6EBA41A20}.Ad-Hoc|iPhone.Build.0 = Debug|Any CPU
		{4A464556-8B1B-4EBC-9014-4CC6EBA41A20}.Ad-Hoc|iPhone.Deploy.0 = Debug|Any CPU
		{4A464556-8B1B-4EBC-9014-4CC6EBA41A20}.Ad-Hoc|iPhoneSimulator.ActiveCfg = Debug|Any CPU
		{4A464556-8B1B-4EBC-9014-4CC6EBA41A20}.Ad-Hoc|iPhoneSimulator.Build.0 = Debug|Any CPU
		{4A464556-8B1B-4EBC-9014-4CC6EBA41A20}.Ad-Hoc|iPhoneSimulator.Deploy.0 = Debug|Any CPU
		{4A464556-8B1B-4EBC-9014-4CC6EBA41A20}.AppStore|Any CPU.ActiveCfg = Debug|Any CPU
		{4A464556-8B1B-4EBC-9014-4CC6EBA41A20}.AppStore|Any CPU.Build.0 = Debug|Any CPU
		{4A464556-8B1B-4EBC-9014-4CC6EBA41A20}.AppStore|Any CPU.Deploy.0 = Debug|Any CPU
		{4A464556-8B1B-4EBC-9014-4CC6EBA41A20}.AppStore|iPhone.ActiveCfg = Debug|Any CPU
		{4A464556-8B1B-4EBC-9014-4CC6EBA41A20}.AppStore|iPhone.Build.0 = Debug|Any CPU
		{4A464556-8B1B-4EBC-9014-4CC6EBA41A20}.AppStore|iPhone.Deploy.0 = Debug|Any CPU
		{4A464556-8B1B-4EBC-9014-4CC6EBA41A20}.AppStore|iPhoneSimulator.ActiveCfg = Debug|Any CPU
		{4A464556-8B1B-4EBC-9014-4CC6EBA41A20}.AppStore|iPhoneSimulator.Build.0 = Debug|Any CPU
		{4A464556-8B1B-4EBC-9014-4CC6EBA41A20}.AppStore|iPhoneSimulator.Deploy.0 = Debug|Any CPU
		{4A464556-8B1B-4EBC-9014-4CC6EBA41A20}.Debug|Any CPU.ActiveCfg = Debug|Any CPU
		{4A464556-8B1B-4EBC-9014-4CC6EBA41A20}.Debug|Any CPU.Build.0 = Debug|Any CPU
		{4A464556-8B1B-4EBC-9014-4CC6EBA41A20}.Debug|Any CPU.Deploy.0 = Debug|Any CPU
		{4A464556-8B1B-4EBC-9014-4CC6EBA41A20}.Debug|iPhone.ActiveCfg = Debug|Any CPU
		{4A464556-8B1B-4EBC-9014-4CC6EBA41A20}.Debug|iPhone.Build.0 = Debug|Any CPU
		{4A464556-8B1B-4EBC-9014-4CC6EBA41A20}.Debug|iPhone.Deploy.0 = Debug|Any CPU
		{4A464556-8B1B-4EBC-9014-4CC6EBA41A20}.Debug|iPhoneSimulator.ActiveCfg = Debug|Any CPU
		{4A464556-8B1B-4EBC-9014-4CC6EBA41A20}.Debug|iPhoneSimulator.Build.0 = Debug|Any CPU
		{4A464556-8B1B-4EBC-9014-4CC6EBA41A20}.Debug|iPhoneSimulator.Deploy.0 = Debug|Any CPU
		{4A464556-8B1B-4EBC-9014-4CC6EBA41A20}.Release|Any CPU.ActiveCfg = Release|Any CPU
		{4A464556-8B1B-4EBC-9014-4CC6EBA41A20}.Release|Any CPU.Build.0 = Release|Any CPU
		{4A464556-8B1B-4EBC-9014-4CC6EBA41A20}.Release|Any CPU.Deploy.0 = Release|Any CPU
		{4A464556-8B1B-4EBC-9014-4CC6EBA41A20}.Release|iPhone.ActiveCfg = Release|Any CPU
		{4A464556-8B1B-4EBC-9014-4CC6EBA41A20}.Release|iPhone.Build.0 = Release|Any CPU
		{4A464556-8B1B-4EBC-9014-4CC6EBA41A20}.Release|iPhone.Deploy.0 = Release|Any CPU
		{4A464556-8B1B-4EBC-9014-4CC6EBA41A20}.Release|iPhoneSimulator.ActiveCfg = Release|Any CPU
		{4A464556-8B1B-4EBC-9014-4CC6EBA41A20}.Release|iPhoneSimulator.Build.0 = Release|Any CPU
		{4A464556-8B1B-4EBC-9014-4CC6EBA41A20}.Release|iPhoneSimulator.Deploy.0 = Release|Any CPU
	EndGlobalSection
	GlobalSection(SolutionProperties) = preSolution
		HideSolutionNode = FALSE
	EndGlobalSection
	GlobalSection(ExtensibilityGlobals) = postSolution
		SolutionGuid = {68ED8ED3-2576-45CF-B079-E950139E0991}
	EndGlobalSection
EndGlobal
